
Microsoft Visual Studio Solution File, Format Version 12.00
# Visual Studio Version 17
VisualStudioVersion = 17.0.32014.148
MinimumVisualStudioVersion = 10.0.40219.1
Project("{FAE04EC0-301F-11D3-BF4B-00C04F79EFBC}") = "Bank", "Bank\Bank.csproj", "{D1B78394-2AFD-4371-AE01-93CD99911A4A}"
EndProject
Project("{FAE04EC0-301F-11D3-BF4B-00C04F79EFBC}") = "BankTests", "BankTests\BankTests.csproj", "{DA43D018-665F-4846-8CEC-6676406C8D47}"
EndProject
Global
	GlobalSection(SolutionConfigurationPlatforms) = preSolution
		Debug|Any CPU = Debug|Any CPU
		Release|Any CPU = Release|Any CPU
	EndGlobalSection
	GlobalSection(ProjectConfigurationPlatforms) = postSolution
		{D1B78394-2AFD-4371-AE01-93CD99911A4A}.Debug|Any CPU.ActiveCfg = Debug|Any CPU
		{D1B78394-2AFD-4371-AE01-93CD99911A4A}.Debug|Any CPU.Build.0 = Debug|Any CPU
		{D1B78394-2AFD-4371-AE01-93CD99911A4A}.Release|Any CPU.ActiveCfg = Release|Any CPU
		{D1B78394-2AFD-4371-AE01-93CD99911A4A}.Release|Any CPU.Build.0 = Release|Any CPU
		{DA43D018-665F-4846-8CEC-6676406C8D47}.Debug|Any CPU.ActiveCfg = Debug|Any CPU
		{DA43D018-665F-4846-8CEC-6676406C8D47}.Debug|Any CPU.Build.0 = Debug|Any CPU
		{DA43D018-665F-4846-8CEC-6676406C8D47}.Release|Any CPU.ActiveCfg = Release|Any CPU
		{DA43D018-665F-4846-8CEC-6676406C8D47}.Release|Any CPU.Build.0 = Release|Any CPU
	EndGlobalSection
	GlobalSection(SolutionProperties) = preSolution
		HideSolutionNode = FALSE
	EndGlobalSection
	GlobalSection(ExtensibilityGlobals) = postSolution
		SolutionGuid = {7E6137AE-2EAD-447F-8583-4A3CCDB5AE73}
	EndGlobalSection
EndGlobal
